
Microsoft Visual Studio Solution File, Format Version 12.00
Project("{FAE04EC0-301F-11D3-BF4B-00C04F79EFBC}") = "OrleansBenchmarks.Messaging", "OrleansBenchmarks.Messaging\OrleansBenchmarks.Messaging.csproj", "{0558FF4A-FE69-4DEA-BCF7-61D87CEB3C1D}"
EndProject
Project("{FAE04EC0-301F-11D3-BF4B-00C04F79EFBC}") = "OrleansBenchmarks.Hello", "OrleansBenchmarks.Hello\OrleansBenchmarks.Hello.csproj", "{FC1FA7A3-FA4C-404F-990E-38F4C9BDD3D5}"
EndProject
Global
	GlobalSection(SolutionConfigurationPlatforms) = preSolution
		Debug|Any CPU = Debug|Any CPU
		Release|Any CPU = Release|Any CPU
	EndGlobalSection
	GlobalSection(ProjectConfigurationPlatforms) = postSolution
		{0558FF4A-FE69-4DEA-BCF7-61D87CEB3C1D}.Debug|Any CPU.ActiveCfg = Debug|Any CPU
		{0558FF4A-FE69-4DEA-BCF7-61D87CEB3C1D}.Debug|Any CPU.Build.0 = Debug|Any CPU
		{0558FF4A-FE69-4DEA-BCF7-61D87CEB3C1D}.Release|Any CPU.ActiveCfg = Release|Any CPU
		{0558FF4A-FE69-4DEA-BCF7-61D87CEB3C1D}.Release|Any CPU.Build.0 = Release|Any CPU
		{FC1FA7A3-FA4C-404F-990E-38F4C9BDD3D5}.Debug|Any CPU.ActiveCfg = Debug|Any CPU
		{FC1FA7A3-FA4C-404F-990E-38F4C9BDD3D5}.Debug|Any CPU.Build.0 = Debug|Any CPU
		{FC1FA7A3-FA4C-404F-990E-38F4C9BDD3D5}.Release|Any CPU.ActiveCfg = Release|Any CPU
		{FC1FA7A3-FA4C-404F-990E-38F4C9BDD3D5}.Release|Any CPU.Build.0 = Release|Any CPU
	EndGlobalSection
EndGlobal
